schema: '2.0'
stages:
  download:
    cmd: python3 code/dataset/data_proc.py download
    deps:
    - path: code/dataset/data_proc.py
      hash: md5
      md5: ed87c7c6eff3b2a02b6b4f73f487ec50
      size: 7691
    outs:
    - path: data/raw/EuroSAT_RGB.zip
      hash: md5
      md5: f46e308c4d50d4bf32fedad2d3d62f3b
      size: 94658721
  unzip:
    cmd: python3 code/dataset/data_proc.py unzip
    deps:
    - path: code/dataset/data_proc.py
      hash: md5
      md5: ed87c7c6eff3b2a02b6b4f73f487ec50
      size: 7691
    - path: data/raw/EuroSAT_RGB.zip
      hash: md5
      md5: f46e308c4d50d4bf32fedad2d3d62f3b
      size: 94658721
    outs:
    - path: data/raw/EuroSAT_RGB
      hash: md5
      md5: bff43f93e1bb7c85d1021434eb407e8a.dir
      size: 91844360
      nfiles: 27000
  prep:
    cmd: python3 code/dataset/data_proc.py prep
    deps:
    - path: code/dataset/data_proc.py
      hash: md5
      md5: ed87c7c6eff3b2a02b6b4f73f487ec50
      size: 7691
    - path: data/raw/EuroSAT_RGB
      hash: md5
      md5: bff43f93e1bb7c85d1021434eb407e8a.dir
      size: 91844360
      nfiles: 27000
    outs:
    - path: data/prep/EuroSAT_RGB/image_info.csv
      hash: md5
      md5: f7e122dd7afd1a383b9b94abacde1be1
      size: 2145396
    - path: data/prep/EuroSAT_RGB/images
      hash: md5
      md5: 46d4a7adcb3476f9458d3620b3853c56.dir
      size: 91844360
      nfiles: 27000
  cleanup:
    cmd: python3 code/dataset/data_proc.py cleanup
    deps:
    - path: code/dataset/data_proc.py
      hash: md5
      md5: ed87c7c6eff3b2a02b6b4f73f487ec50
      size: 7691
    params:
      params.yaml:
        data_pipeline.remove_raw: true
        data_pipeline.remove_zip: true
